
Microsoft Visual Studio Solution File, Format Version 12.00
# Visual Studio Version 16
VisualStudioVersion = 16.0.29418.71
MinimumVisualStudioVersion = 10.0.40219.1
Project("{FAE04EC0-301F-11D3-BF4B-00C04F79EFBC}") = "DirectToEmployer", "DirectToEmployer\DirectToEmployer.csproj", "{7073DB5E-CD1F-4DA6-AA95-855506F77D7E}"
EndProject
Global
	GlobalSection(SolutionConfigurationPlatforms) = preSolution
		Debug|Any CPU = Debug|Any CPU
		Release|Any CPU = Release|Any CPU
	EndGlobalSection
	GlobalSection(ProjectConfigurationPlatforms) = postSolution
		{7073DB5E-CD1F-4DA6-AA95-855506F77D7E}.Debug|Any CPU.ActiveCfg = Debug|Any CPU
		{7073DB5E-CD1F-4DA6-AA95-855506F77D7E}.Debug|Any CPU.Build.0 = Debug|Any CPU
		{7073DB5E-CD1F-4DA6-AA95-855506F77D7E}.Release|Any CPU.ActiveCfg = Release|Any CPU
		{7073DB5E-CD1F-4DA6-AA95-855506F77D7E}.Release|Any CPU.Build.0 = Release|Any CPU
	EndGlobalSection
	GlobalSection(SolutionProperties) = preSolution
		HideSolutionNode = FALSE
	EndGlobalSection
	GlobalSection(ExtensibilityGlobals) = postSolution
		SolutionGuid = {DB5DDA60-64A1-4C69-B871-29A9204EEC1C}
	EndGlobalSection
EndGlobal
